
Microsoft Visual Studio Solution File, Format Version 12.00
# Visual Studio 2013
VisualStudioVersion = 12.0.21005.1
MinimumVisualStudioVersion = 10.0.40219.1
Project("{FAE04EC0-301F-11D3-BF4B-00C04F79EFBC}") = "SE343.Kare.WebService", "SE343.Kare.WebService\SE343.Kare.WebService.csproj", "{6FA44CFF-42A9-4CAB-AD3E-ADB329FD0007}"
EndProject
Project("{FAE04EC0-301F-11D3-BF4B-00C04F79EFBC}") = "SE343.Kare.WebService.Tests", "SE343.Kare.WebService.Tests\SE343.Kare.WebService.Tests.csproj", "{BC809AF1-990D-47C5-BC73-0CDE102FC69E}"
EndProject
Global
	GlobalSection(SolutionConfigurationPlatforms) = preSolution
		Debug|Any CPU = Debug|Any CPU
		Release|Any CPU = Release|Any CPU
	EndGlobalSection
	GlobalSection(ProjectConfigurationPlatforms) = postSolution
		{6FA44CFF-42A9-4CAB-AD3E-ADB329FD0007}.Debug|Any CPU.ActiveCfg = Debug|Any CPU
		{6FA44CFF-42A9-4CAB-AD3E-ADB329FD0007}.Debug|Any CPU.Build.0 = Debug|Any CPU
		{6FA44CFF-42A9-4CAB-AD3E-ADB329FD0007}.Release|Any CPU.ActiveCfg = Release|Any CPU
		{6FA44CFF-42A9-4CAB-AD3E-ADB329FD0007}.Release|Any CPU.Build.0 = Release|Any CPU
		{BC809AF1-990D-47C5-BC73-0CDE102FC69E}.Debug|Any CPU.ActiveCfg = Debug|Any CPU
		{BC809AF1-990D-47C5-BC73-0CDE102FC69E}.Debug|Any CPU.Build.0 = Debug|Any CPU
		{BC809AF1-990D-47C5-BC73-0CDE102FC69E}.Release|Any CPU.ActiveCfg = Release|Any CPU
		{BC809AF1-990D-47C5-BC73-0CDE102FC69E}.Release|Any CPU.Build.0 = Release|Any CPU
	EndGlobalSection
	GlobalSection(SolutionProperties) = preSolution
		HideSolutionNode = FALSE
	EndGlobalSection
EndGlobal
